PODS:
  - Alamofire (4.5.0)
  - ProgressKit (0.6.1)

DEPENDENCIES:
  - Alamofire (~> 4.4)
  - ProgressKit

SPEC CHECKSUMS:
  Alamofire: f28cdffd29de33a7bfa022cbd63ae95a27fae140
  ProgressKit: c6c640344bb7512db1c9c7e33dee63c8f663b98f

PODFILE CHECKSUM: 4c4174d9f36dfa0e74efb0719dc44f662fc02e51

COCOAPODS: 1.2.0
