// !$*UTF8*$!
{
	archiveVersion = 1;
	classes = {
	};
	objectVersion = 46;
	objects = {

/* Begin PBXBuildFile section */
		330F26D31F4F0761004FCDF5 /* VimeoSubData.swift in Sources */ = {isa = PBXBuildFile; fileRef = 330F26D21F4F0761004FCDF5 /* VimeoSubData.swift */; };
		334F2A1B1E97983B004A428B /* ScriptViewController.swift in Sources */ = {isa = PBXBuildFile; fileRef = 334F2A1A1E97983B004A428B /* ScriptViewController.swift */; };
		335DEBB11E536D7100866B8C /* FolderViewCTRL.swift in Sources */ = {isa = PBXBuildFile; fileRef = 335DEBB01E536D7100866B8C /* FolderViewCTRL.swift */; };
		335DEBB31E536FF800866B8C /* urls.xml in Resources */ = {isa = PBXBuildFile; fileRef = 335DEBB21E536FF800866B8C /* urls.xml */; };
		335DEBB91E571B7300866B8C /* PHPController.swift in Sources */ = {isa = PBXBuildFile; fileRef = 335DEBB81E571B7300866B8C /* PHPController.swift */; };
		335DEBBB1E572E7400866B8C /* VimeoData.swift in Sources */ = {isa = PBXBuildFile; fileRef = 335DEBBA1E572E7400866B8C /* VimeoData.swift */; };
		335DEBBD1E5C6C1A00866B8C /* VimeoAlbumData.swift in Sources */ = {isa = PBXBuildFile; fileRef = 335DEBBC1E5C6C1A00866B8C /* VimeoAlbumData.swift */; };
		338E37061E9D1B3700BAABB4 /* VimeoLoader.swift in Sources */ = {isa = PBXBuildFile; fileRef = 338E37051E9D1B3700BAABB4 /* VimeoLoader.swift */; };
		33A812B21F4C47CF008C1EBD /* youtube-dl in Resources */ = {isa = PBXBuildFile; fileRef = 33A812B11F4C47CF008C1EBD /* youtube-dl */; };
		33A8C6501F5D769B006230E1 /* VTTData.swift in Sources */ = {isa = PBXBuildFile; fileRef = 33A8C64F1F5D769B006230E1 /* VTTData.swift */; };
		33DA2FE91E4CC7B10086C816 /* AppDelegate.swift in Sources */ = {isa = PBXBuildFile; fileRef = 33DA2FE81E4CC7B10086C816 /* AppDelegate.swift */; };
		33DA2FEB1E4CC7B10086C816 /* ViewController.swift in Sources */ = {isa = PBXBuildFile; fileRef = 33DA2FEA1E4CC7B10086C816 /* ViewController.swift */; };
		33DA2FED1E4CC7B10086C816 /* Assets.xcassets in Resources */ = {isa = PBXBuildFile; fileRef = 33DA2FEC1E4CC7B10086C816 /* Assets.xcassets */; };
		33DA2FF01E4CC7B10086C816 /* Main.storyboard in Resources */ = {isa = PBXBuildFile; fileRef = 33DA2FEE1E4CC7B10086C816 /* Main.storyboard */; };
		33DA2FF81E4CCD3A0086C816 /* ffmpeg in Resources */ = {isa = PBXBuildFile; fileRef = 33DA2FF71E4CCD3A0086C816 /* ffmpeg */; };
		33DA2FFA1E4CCF0B0086C816 /* FileViewController.swift in Sources */ = {isa = PBXBuildFile; fileRef = 33DA2FF91E4CCF0B0086C816 /* FileViewController.swift */; };
		33E6158B1E97E762003C0374 /* WebView.swift in Sources */ = {isa = PBXBuildFile; fileRef = 33E6158A1E97E762003C0374 /* WebView.swift */; };
		33E615A71E97ED65003C0374 /* OAuth2.framework in Frameworks */ = {isa = PBXBuildFile; fileRef = 33E6157C1E97E4CE003C0374 /* OAuth2.framework */; };
		33E615A81E97ED65003C0374 /* OAuth2.framework in Embed Frameworks */ = {isa = PBXBuildFile; fileRef = 33E6157C1E97E4CE003C0374 /* OAuth2.framework */; settings = {ATTRIBUTES = (CodeSignOnCopy, RemoveHeadersOnCopy, ); }; };
		33E615AD1E97F1B0003C0374 /* DataLoader.swift in Sources */ = {isa = PBXBuildFile; fileRef = 33E615AC1E97F1B0003C0374 /* DataLoader.swift */; };
		8DD30EDBBEAD31C0C131B1F3 /* Pods_ME_PartnerAdapt.framework in Frameworks */ = {isa = PBXBuildFile; fileRef = C07FA8B3C7387EF4193CB3A6 /* Pods_ME_PartnerAdapt.framework */; };
/* End PBXBuildFile section */

/* Begin PBXContainerItemProxy section */
		33E6157B1E97E4CE003C0374 /* PBXContainerItemProxy */ = {
			isa = PBXContainerItemProxy;
			containerPortal = 33E615741E97E4CE003C0374 /* OAuth2.xcodeproj */;
			proxyType = 2;
			remoteGlobalIDString = EEE209471942772800736F1A;
			remoteInfo = OAuth2macOS;
		};
		33E6157D1E97E4CE003C0374 /* PBXContainerItemProxy */ = {
			isa = PBXContainerItemProxy;
			containerPortal = 33E615741E97E4CE003C0374 /* OAuth2.xcodeproj */;
			proxyType = 2;
			remoteGlobalIDString = EEDB8624193FAAE500C4EEA1;
			remoteInfo = OAuth2iOS;
		};
		33E6157F1E97E4CE003C0374 /* PBXContainerItemProxy */ = {
			isa = PBXContainerItemProxy;
			containerPortal = 33E615741E97E4CE003C0374 /* OAuth2.xcodeproj */;
			proxyType = 2;
			remoteGlobalIDString = 659854461C5B3BEA00237D39;
			remoteInfo = OAuth2tvOS;
		};
		33E615811E97E4CE003C0374 /* PBXContainerItemProxy */ = {
			isa = PBXContainerItemProxy;
			containerPortal = 33E615741E97E4CE003C0374 /* OAuth2.xcodeproj */;
			proxyType = 2;
			remoteGlobalIDString = EEE209A219427DFE00736F1A;
			remoteInfo = OAuth2Tests;
		};
		33E615881E97E4EA003C0374 /* PBXContainerItemProxy */ = {
			isa = PBXContainerItemProxy;
			containerPortal = 33E615741E97E4CE003C0374 /* OAuth2.xcodeproj */;
			proxyType = 1;
			remoteGlobalIDString = EEE209461942772800736F1A;
			remoteInfo = OAuth2macOS;
		};
		33E615971E97EAB9003C0374 /* PBXContainerItemProxy */ = {
			isa = PBXContainerItemProxy;
			containerPortal = 33E6158C1E97EAB9003C0374 /* Alamofire.xcodeproj */;
			proxyType = 2;
			remoteGlobalIDString = F8111E3319A95C8B0040E7D1;
			remoteInfo = "Alamofire iOS";
		};
		33E615991E97EAB9003C0374 /* PBXContainerItemProxy */ = {
			isa = PBXContainerItemProxy;
			containerPortal = 33E6158C1E97EAB9003C0374 /* Alamofire.xcodeproj */;
			proxyType = 2;
			remoteGlobalIDString = F8111E3E19A95C8B0040E7D1;
			remoteInfo = "Alamofire iOS Tests";
		};
		33E6159B1E97EAB9003C0374 /* PBXContainerItemProxy */ = {
			isa = PBXContainerItemProxy;
			containerPortal = 33E6158C1E97EAB9003C0374 /* Alamofire.xcodeproj */;
			proxyType = 2;
			remoteGlobalIDString = 4DD67C0B1A5C55C900ED2280;
			remoteInfo = "Alamofire macOS";
		};
		33E6159D1E97EAB9003C0374 /* PBXContainerItemProxy */ = {
			isa = PBXContainerItemProxy;
			containerPortal = 33E6158C1E97EAB9003C0374 /* Alamofire.xcodeproj */;
			proxyType = 2;
			remoteGlobalIDString = F829C6B21A7A94F100A2CD59;
			remoteInfo = "Alamofire macOS Tests";
		};
		33E6159F1E97EAB9003C0374 /* PBXContainerItemProxy */ = {
			isa = PBXContainerItemProxy;
			containerPortal = 33E6158C1E97EAB9003C0374 /* Alamofire.xcodeproj */;
			proxyType = 2;
			remoteGlobalIDString = 4CF626EF1BA7CB3E0011A099;
			remoteInfo = "Alamofire tvOS";
		};
		33E615A11E97EAB9003C0374 /* PBXContainerItemProxy */ = {
			isa = PBXContainerItemProxy;
			containerPortal = 33E6158C1E97EAB9003C0374 /* Alamofire.xcodeproj */;
			proxyType = 2;
			remoteGlobalIDString = 4CF626F81BA7CB3E0011A099;
			remoteInfo = "Alamofire tvOS Tests";
		};
		33E615A31E97EAB9003C0374 /* PBXContainerItemProxy */ = {
			isa = PBXContainerItemProxy;
			containerPortal = 33E6158C1E97EAB9003C0374 /* Alamofire.xcodeproj */;
			proxyType = 2;
			remoteGlobalIDString = E4202FE01B667AA100C997FB;
			remoteInfo = "Alamofire watchOS";
		};
		33E615A51E97EAC8003C0374 /* PBXContainerItemProxy */ = {
			isa = PBXContainerItemProxy;
			containerPortal = 33E6158C1E97EAB9003C0374 /* Alamofire.xcodeproj */;
			proxyType = 1;
			remoteGlobalIDString = 4DD67C0A1A5C55C900ED2280;
			remoteInfo = "Alamofire macOS";
		};
		33E615A91E97ED65003C0374 /* PBXContainerItemProxy */ = {
			isa = PBXContainerItemProxy;
			containerPortal = 33E615741E97E4CE003C0374 /* OAuth2.xcodeproj */;
			proxyType = 1;
			remoteGlobalIDString = EEE209461942772800736F1A;
			remoteInfo = OAuth2macOS;
		};
/* End PBXContainerItemProxy section */

/* Begin PBXCopyFilesBuildPhase section */
		33E615AB1E97ED65003C0374 /* Embed Frameworks */ = {
			isa = PBXCopyFilesBuildPhase;
			buildActionMask = 2147483647;
			dstPath = "";
			dstSubfolderSpec = 10;
			files = (
				33E615A81E97ED65003C0374 /* OAuth2.framework in Embed Frameworks */,
			);
			name = "Embed Frameworks";
			runOnlyForDeploymentPostprocessing = 0;
		};
/* End PBXCopyFilesBuildPhase section */

/* Begin PBXFileReference section */
		1F666FE66516EE4327BC83D0 /* Pods-ME_PartnerAdapt.release.xcconfig */ = {isa = PBXFileReference; includeInIndex = 1; lastKnownFileType = text.xcconfig; name = "Pods-ME_PartnerAdapt.release.xcconfig"; path = "Pods/Target Support Files/Pods-ME_PartnerAdapt/Pods-ME_PartnerAdapt.release.xcconfig"; sourceTree = "<group>"; };
		330F26D21F4F0761004FCDF5 /* VimeoSubData.swift */ = {isa = PBXFileReference; fileEncoding = 4; lastKnownFileType = sourcecode.swift; path = VimeoSubData.swift; sourceTree = "<group>"; };
		334F2A1A1E97983B004A428B /* ScriptViewController.swift */ = {isa = PBXFileReference; fileEncoding = 4; lastKnownFileType = sourcecode.swift; path = ScriptViewController.swift; sourceTree = "<group>"; };
		335DEBB01E536D7100866B8C /* FolderViewCTRL.swift */ = {isa = PBXFileReference; fileEncoding = 4; lastKnownFileType = sourcecode.swift; path = FolderViewCTRL.swift; sourceTree = "<group>"; };
		335DEBB21E536FF800866B8C /* urls.xml */ = {isa = PBXFileReference; fileEncoding = 4; lastKnownFileType = text.xml; path = urls.xml; sourceTree = "<group>"; };
		335DEBB81E571B7300866B8C /* PHPController.swift */ = {isa = PBXFileReference; fileEncoding = 4; lastKnownFileType = sourcecode.swift; path = PHPController.swift; sourceTree = "<group>"; };
		335DEBBA1E572E7400866B8C /* VimeoData.swift */ = {isa = PBXFileReference; fileEncoding = 4; lastKnownFileType = sourcecode.swift; name = VimeoData.swift; path = ../VimeoData.swift; sourceTree = "<group>"; };
		335DEBBC1E5C6C1A00866B8C /* VimeoAlbumData.swift */ = {isa = PBXFileReference; fileEncoding = 4; lastKnownFileType = sourcecode.swift; path = VimeoAlbumData.swift; sourceTree = "<group>"; };
		338E37051E9D1B3700BAABB4 /* VimeoLoader.swift */ = {isa = PBXFileReference; fileEncoding = 4; lastKnownFileType = sourcecode.swift; path = VimeoLoader.swift; sourceTree = "<group>"; };
		33A812B11F4C47CF008C1EBD /* youtube-dl */ = {isa = PBXFileReference; fileEncoding = 4; lastKnownFileType = text; path = "youtube-dl"; sourceTree = "<group>"; };
		33A8C64F1F5D769B006230E1 /* VTTData.swift */ = {isa = PBXFileReference; fileEncoding = 4; lastKnownFileType = sourcecode.swift; path = VTTData.swift; sourceTree = "<group>"; };
		33DA2FE51E4CC7B10086C816 /* ME_PartnerAdapt.app */ = {isa = PBXFileReference; explicitFileType = wrapper.application; includeInIndex = 0; path = ME_PartnerAdapt.app; sourceTree = BUILT_PRODUCTS_DIR; };
		33DA2FE81E4CC7B10086C816 /* AppDelegate.swift */ = {isa = PBXFileReference; lastKnownFileType = sourcecode.swift; path = AppDelegate.swift; sourceTree = "<group>"; };
		33DA2FEA1E4CC7B10086C816 /* ViewController.swift */ = {isa = PBXFileReference; lastKnownFileType = sourcecode.swift; path = ViewController.swift; sourceTree = "<group>"; };
		33DA2FEC1E4CC7B10086C816 /* Assets.xcassets */ = {isa = PBXFileReference; lastKnownFileType = folder.assetcatalog; path = Assets.xcassets; sourceTree = "<group>"; };
		33DA2FEF1E4CC7B10086C816 /* Base */ = {isa = PBXFileReference; lastKnownFileType = file.storyboard; name = Base; path = Base.lproj/Main.storyboard; sourceTree = "<group>"; };
		33DA2FF11E4CC7B10086C816 /* Info.plist */ = {isa = PBXFileReference; lastKnownFileType = text.plist.xml; path = Info.plist; sourceTree = "<group>"; };
		33DA2FF71E4CCD3A0086C816 /* ffmpeg */ = {isa = PBXFileReference; lastKnownFileType = "compiled.mach-o.executable"; path = ffmpeg; sourceTree = "<group>"; };
		33DA2FF91E4CCF0B0086C816 /* FileViewController.swift */ = {isa = PBXFileReference; fileEncoding = 4; lastKnownFileType = sourcecode.swift; path = FileViewController.swift; sourceTree = "<group>"; };
		33E615741E97E4CE003C0374 /* OAuth2.xcodeproj */ = {isa = PBXFileReference; lastKnownFileType = "wrapper.pb-project"; name = OAuth2.xcodeproj; path = ../../../../OAuth2/OAuth2.xcodeproj; sourceTree = "<group>"; };
		33E6158A1E97E762003C0374 /* WebView.swift */ = {isa = PBXFileReference; fileEncoding = 4; lastKnownFileType = sourcecode.swift; path = WebView.swift; sourceTree = "<group>"; };
		33E6158C1E97EAB9003C0374 /* Alamofire.xcodeproj */ = {isa = PBXFileReference; lastKnownFileType = "wrapper.pb-project"; name = Alamofire.xcodeproj; path = ../../../../Alamofire/Alamofire.xcodeproj; sourceTree = "<group>"; };
		33E615AC1E97F1B0003C0374 /* DataLoader.swift */ = {isa = PBXFileReference; fileEncoding = 4; lastKnownFileType = sourcecode.swift; path = DataLoader.swift; sourceTree = "<group>"; };
		4159FC4DEF9A0CCBE30DCD6E /* Pods-ME_PartnerAdapt.debug.xcconfig */ = {isa = PBXFileReference; includeInIndex = 1; lastKnownFileType = text.xcconfig; name = "Pods-ME_PartnerAdapt.debug.xcconfig"; path = "Pods/Target Support Files/Pods-ME_PartnerAdapt/Pods-ME_PartnerAdapt.debug.xcconfig"; sourceTree = "<group>"; };
		C07FA8B3C7387EF4193CB3A6 /* Pods_ME_PartnerAdapt.framework */ = {isa = PBXFileReference; explicitFileType = wrapper.framework; includeInIndex = 0; path = Pods_ME_PartnerAdapt.framework; sourceTree = BUILT_PRODUCTS_DIR; };
/* End PBXFileReference section */

/* Begin PBXFrameworksBuildPhase section */
		33DA2FE21E4CC7B10086C816 /* Frameworks */ = {
			isa = PBXFrameworksBuildPhase;
			buildActionMask = 2147483647;
			files = (
				33E615A71E97ED65003C0374 /* OAuth2.framework in Frameworks */,
				8DD30EDBBEAD31C0C131B1F3 /* Pods_ME_PartnerAdapt.framework in Frameworks */,
			);
			runOnlyForDeploymentPostprocessing = 0;
		};
/* End PBXFrameworksBuildPhase section */

/* Begin PBXGroup section */
		33DA2FDC1E4CC7B10086C816 = {
			isa = PBXGroup;
			children = (
				33DA2FE71E4CC7B10086C816 /* ME_PartnerAdapt */,
				33DA2FE61E4CC7B10086C816 /* Products */,
				77ED36E5BD1056F8688604FE /* Pods */,
				7628B5E7E3D7E7A72A7BDAAE /* Frameworks */,
			);
			sourceTree = "<group>";
		};
		33DA2FE61E4CC7B10086C816 /* Products */ = {
			isa = PBXGroup;
			children = (
				33DA2FE51E4CC7B10086C816 /* ME_PartnerAdapt.app */,
			);
			name = Products;
			sourceTree = "<group>";
		};
		33DA2FE71E4CC7B10086C816 /* ME_PartnerAdapt */ = {
			isa = PBXGroup;
			children = (
				335DEBBA1E572E7400866B8C /* VimeoData.swift */,
				33A8C64F1F5D769B006230E1 /* VTTData.swift */,
				330F26D21F4F0761004FCDF5 /* VimeoSubData.swift */,
				338E37051E9D1B3700BAABB4 /* VimeoLoader.swift */,
				33E6158A1E97E762003C0374 /* WebView.swift */,
				33E6158C1E97EAB9003C0374 /* Alamofire.xcodeproj */,
				33E615741E97E4CE003C0374 /* OAuth2.xcodeproj */,
				335DEBBC1E5C6C1A00866B8C /* VimeoAlbumData.swift */,
				33A812B11F4C47CF008C1EBD /* youtube-dl */,
				335DEBB21E536FF800866B8C /* urls.xml */,
				33DA2FF71E4CCD3A0086C816 /* ffmpeg */,
				33DA2FE81E4CC7B10086C816 /* AppDelegate.swift */,
				33DA2FEA1E4CC7B10086C816 /* ViewController.swift */,
				33DA2FEC1E4CC7B10086C816 /* Assets.xcassets */,
				33DA2FEE1E4CC7B10086C816 /* Main.storyboard */,
				33DA2FF11E4CC7B10086C816 /* Info.plist */,
				33DA2FF91E4CCF0B0086C816 /* FileViewController.swift */,
				335DEBB01E536D7100866B8C /* FolderViewCTRL.swift */,
				335DEBB81E571B7300866B8C /* PHPController.swift */,
				334F2A1A1E97983B004A428B /* ScriptViewController.swift */,
				33E615AC1E97F1B0003C0374 /* DataLoader.swift */,
			);
			path = ME_PartnerAdapt;
			sourceTree = "<group>";
		};
		33E615751E97E4CE003C0374 /* Products */ = {
			isa = PBXGroup;
			children = (
				33E6157C1E97E4CE003C0374 /* OAuth2.framework */,
				33E6157E1E97E4CE003C0374 /* OAuth2.framework */,
				33E615801E97E4CE003C0374 /* OAuth2.framework */,
				33E615821E97E4CE003C0374 /* OAuth2Tests.xctest */,
			);
			name = Products;
			sourceTree = "<group>";
		};
		33E6158D1E97EAB9003C0374 /* Products */ = {
			isa = PBXGroup;
			children = (
				33E615981E97EAB9003C0374 /* Alamofire.framework */,
				33E6159A1E97EAB9003C0374 /* Alamofire iOS Tests.xctest */,
				33E6159C1E97EAB9003C0374 /* Alamofire.framework */,
				33E6159E1E97EAB9003C0374 /* Alamofire macOS Tests.xctest */,
				33E615A01E97EAB9003C0374 /* Alamofire.framework */,
				33E615A21E97EAB9003C0374 /* Alamofire tvOS Tests.xctest */,
				33E615A41E97EAB9003C0374 /* Alamofire.framework */,
			);
			name = Products;
			sourceTree = "<group>";
		};
		7628B5E7E3D7E7A72A7BDAAE /* Frameworks */ = {
			isa = PBXGroup;
			children = (
				C07FA8B3C7387EF4193CB3A6 /* Pods_ME_PartnerAdapt.framework */,
			);
			name = Frameworks;
			sourceTree = "<group>";
		};
		77ED36E5BD1056F8688604FE /* Pods */ = {
			isa = PBXGroup;
			children = (
				4159FC4DEF9A0CCBE30DCD6E /* Pods-ME_PartnerAdapt.debug.xcconfig */,
				1F666FE66516EE4327BC83D0 /* Pods-ME_PartnerAdapt.release.xcconfig */,
			);
			name = Pods;
			sourceTree = "<group>";
		};
/* End PBXGroup section */

/* Begin PBXNativeTarget section */
		33DA2FE41E4CC7B10086C816 /* ME_PartnerAdapt */ = {
			isa = PBXNativeTarget;
			buildConfigurationList = 33DA2FF41E4CC7B10086C816 /* Build configuration list for PBXNativeTarget "ME_PartnerAdapt" */;
			buildPhases = (
				4715E2274506FBCF0D425A22 /* [CP] Check Pods Manifest.lock */,
				33DA2FE11E4CC7B10086C816 /* Sources */,
				33DA2FE21E4CC7B10086C816 /* Frameworks */,
				33DA2FE31E4CC7B10086C816 /* Resources */,
				33E615AB1E97ED65003C0374 /* Embed Frameworks */,
				974829DEB485F2F03A5A7E46 /* [CP] Embed Pods Frameworks */,
				E154B7990EC9DBF4983617A9 /* [CP] Copy Pods Resources */,
			);
			buildRules = (
			);
			dependencies = (
				33E615A61E97EAC8003C0374 /* PBXTargetDependency */,
				33E615891E97E4EA003C0374 /* PBXTargetDependency */,
				33E615AA1E97ED65003C0374 /* PBXTargetDependency */,
			);
			name = ME_PartnerAdapt;
			productName = ME_PartnerAdapt;
			productReference = 33DA2FE51E4CC7B10086C816 /* ME_PartnerAdapt.app */;
			productType = "com.apple.product-type.application";
		};
/* End PBXNativeTarget section */

/* Begin PBXProject section */
		33DA2FDD1E4CC7B10086C816 /* Project object */ = {
			isa = PBXProject;
			attributes = {
				LastSwiftUpdateCheck = 0820;
				LastUpgradeCheck = 0820;
				ORGANIZATIONNAME = "Rob Slegtenhorst";
				TargetAttributes = {
					33DA2FE41E4CC7B10086C816 = {
						CreatedOnToolsVersion = 8.2.1;
						DevelopmentTeam = R5L8TUBKC2;
						ProvisioningStyle = Automatic;
					};
				};
			};
			buildConfigurationList = 33DA2FE01E4CC7B10086C816 /* Build configuration list for PBXProject "ME_PartnerAdapt" */;
			compatibilityVersion = "Xcode 3.2";
			developmentRegion = English;
			hasScannedForEncodings = 0;
			knownRegions = (
				en,
				Base,
			);
			mainGroup = 33DA2FDC1E4CC7B10086C816;
			productRefGroup = 33DA2FE61E4CC7B10086C816 /* Products */;
			projectDirPath = "";
			projectReferences = (
				{
					ProductGroup = 33E6158D1E97EAB9003C0374 /* Products */;
					ProjectRef = 33E6158C1E97EAB9003C0374 /* Alamofire.xcodeproj */;
				},
				{
					ProductGroup = 33E615751E97E4CE003C0374 /* Products */;
					ProjectRef = 33E615741E97E4CE003C0374 /* OAuth2.xcodeproj */;
				},
			);
			projectRoot = "";
			targets = (
				33DA2FE41E4CC7B10086C816 /* ME_PartnerAdapt */,
			);
		};
/* End PBXProject section */

/* Begin PBXReferenceProxy section */
		33E6157C1E97E4CE003C0374 /* OAuth2.framework */ = {
			isa = PBXReferenceProxy;
			fileType = wrapper.framework;
			path = OAuth2.framework;
			remoteRef = 33E6157B1E97E4CE003C0374 /* PBXContainerItemProxy */;
			sourceTree = BUILT_PRODUCTS_DIR;
		};
		33E6157E1E97E4CE003C0374 /* OAuth2.framework */ = {
			isa = PBXReferenceProxy;
			fileType = wrapper.framework;
			path = OAuth2.framework;
			remoteRef = 33E6157D1E97E4CE003C0374 /* PBXContainerItemProxy */;
			sourceTree = BUILT_PRODUCTS_DIR;
		};
		33E615801E97E4CE003C0374 /* OAuth2.framework */ = {
			isa = PBXReferenceProxy;
			fileType = wrapper.framework;
			path = OAuth2.framework;
			remoteRef = 33E6157F1E97E4CE003C0374 /* PBXContainerItemProxy */;
			sourceTree = BUILT_PRODUCTS_DIR;
		};
		33E615821E97E4CE003C0374 /* OAuth2Tests.xctest */ = {
			isa = PBXReferenceProxy;
			fileType = wrapper.cfbundle;
			path = OAuth2Tests.xctest;
			remoteRef = 33E615811E97E4CE003C0374 /* PBXContainerItemProxy */;
			sourceTree = BUILT_PRODUCTS_DIR;
		};
		33E615981E97EAB9003C0374 /* Alamofire.framework */ = {
			isa = PBXReferenceProxy;
			fileType = wrapper.framework;
			path = Alamofire.framework;
			remoteRef = 33E615971E97EAB9003C0374 /* PBXContainerItemProxy */;
			sourceTree = BUILT_PRODUCTS_DIR;
		};
		33E6159A1E97EAB9003C0374 /* Alamofire iOS Tests.xctest */ = {
			isa = PBXReferenceProxy;
			fileType = wrapper.cfbundle;
			path = "Alamofire iOS Tests.xctest";
			remoteRef = 33E615991E97EAB9003C0374 /* PBXContainerItemProxy */;
			sourceTree = BUILT_PRODUCTS_DIR;
		};
		33E6159C1E97EAB9003C0374 /* Alamofire.framework */ = {
			isa = PBXReferenceProxy;
			fileType = wrapper.framework;
			path = Alamofire.framework;
			remoteRef = 33E6159B1E97EAB9003C0374 /* PBXContainerItemProxy */;
			sourceTree = BUILT_PRODUCTS_DIR;
		};
		33E6159E1E97EAB9003C0374 /* Alamofire macOS Tests.xctest */ = {
			isa = PBXReferenceProxy;
			fileType = wrapper.cfbundle;
			path = "Alamofire macOS Tests.xctest";
			remoteRef = 33E6159D1E97EAB9003C0374 /* PBXContainerItemProxy */;
			sourceTree = BUILT_PRODUCTS_DIR;
		};
		33E615A01E97EAB9003C0374 /* Alamofire.framework */ = {
			isa = PBXReferenceProxy;
			fileType = wrapper.framework;
			path = Alamofire.framework;
			remoteRef = 33E6159F1E97EAB9003C0374 /* PBXContainerItemProxy */;
			sourceTree = BUILT_PRODUCTS_DIR;
		};
		33E615A21E97EAB9003C0374 /* Alamofire tvOS Tests.xctest */ = {
			isa = PBXReferenceProxy;
			fileType = wrapper.cfbundle;
			path = "Alamofire tvOS Tests.xctest";
			remoteRef = 33E615A11E97EAB9003C0374 /* PBXContainerItemProxy */;
			sourceTree = BUILT_PRODUCTS_DIR;
		};
		33E615A41E97EAB9003C0374 /* Alamofire.framework */ = {
			isa = PBXReferenceProxy;
			fileType = wrapper.framework;
			path = Alamofire.framework;
			remoteRef = 33E615A31E97EAB9003C0374 /* PBXContainerItemProxy */;
			sourceTree = BUILT_PRODUCTS_DIR;
		};
/* End PBXReferenceProxy section */

/* Begin PBXResourcesBuildPhase section */
		33DA2FE31E4CC7B10086C816 /* Resources */ = {
			isa = PBXResourcesBuildPhase;
			buildActionMask = 2147483647;
			files = (
				33DA2FED1E4CC7B10086C816 /* Assets.xcassets in Resources */,
				335DEBB31E536FF800866B8C /* urls.xml in Resources */,
				33DA2FF81E4CCD3A0086C816 /* ffmpeg in Resources */,
				33A812B21F4C47CF008C1EBD /* youtube-dl in Resources */,
				33DA2FF01E4CC7B10086C816 /* Main.storyboard in Resources */,
			);
			runOnlyForDeploymentPostprocessing = 0;
		};
/* End PBXResourcesBuildPhase section */

/* Begin PBXShellScriptBuildPhase section */
		4715E2274506FBCF0D425A22 /* [CP] Check Pods Manifest.lock */ = {
			isa = PBXShellScriptBuildPhase;
			buildActionMask = 2147483647;
			files = (
			);
			inputPaths = (
				"${PODS_PODFILE_DIR_PATH}/Podfile.lock",
				"${PODS_ROOT}/Manifest.lock",
			);
			name = "[CP] Check Pods Manifest.lock";
			outputPaths = (
				"$(DERIVED_FILE_DIR)/Pods-ME_PartnerAdapt-checkManifestLockResult.txt",
			);
			runOnlyForDeploymentPostprocessing = 0;
			shellPath = /bin/sh;
			shellScript = "diff \"${PODS_PODFILE_DIR_PATH}/Podfile.lock\" \"${PODS_ROOT}/Manifest.lock\" > /dev/null\nif [ $? != 0 ] ; then\n    # print error to STDERR\n    echo \"error: The sandbox is not in sync with the Podfile.lock. Run 'pod install' or update your CocoaPods installation.\" >&2\n    exit 1\nfi\n# This output is used by Xcode 'outputs' to avoid re-running this script phase.\necho \"SUCCESS\" > \"${SCRIPT_OUTPUT_FILE_0}\"\n";
			showEnvVarsInLog = 0;
		};
		974829DEB485F2F03A5A7E46 /* [CP] Embed Pods Frameworks */ = {
			isa = PBXShellScriptBuildPhase;
			buildActionMask = 2147483647;
			files = (
			);
			inputPaths = (
				"${SRCROOT}/Pods/Target Support Files/Pods-ME_PartnerAdapt/Pods-ME_PartnerAdapt-frameworks.sh",
				"${BUILT_PRODUCTS_DIR}/Alamofire/Alamofire.framework",
			);
			name = "[CP] Embed Pods Frameworks";
			outputPaths = (
				"${TARGET_BUILD_DIR}/${FRAMEWORKS_FOLDER_PATH}/Alamofire.framework",
			);
			runOnlyForDeploymentPostprocessing = 0;
			shellPath = /bin/sh;
			shellScript = "\"${SRCROOT}/Pods/Target Support Files/Pods-ME_PartnerAdapt/Pods-ME_PartnerAdapt-frameworks.sh\"\n";
			showEnvVarsInLog = 0;
		};
		E154B7990EC9DBF4983617A9 /* [CP] Copy Pods Resources */ = {
			isa = PBXShellScriptBuildPhase;
			buildActionMask = 2147483647;
			files = (
			);
			inputPaths = (
			);
			name = "[CP] Copy Pods Resources";
			outputPaths = (
			);
			runOnlyForDeploymentPostprocessing = 0;
			shellPath = /bin/sh;
			shellScript = "\"${SRCROOT}/Pods/Target Support Files/Pods-ME_PartnerAdapt/Pods-ME_PartnerAdapt-resources.sh\"\n";
			showEnvVarsInLog = 0;
		};
/* End PBXShellScriptBuildPhase section */

/* Begin PBXSourcesBuildPhase section */
		33DA2FE11E4CC7B10086C816 /* Sources */ = {
			isa = PBXSourcesBuildPhase;
			buildActionMask = 2147483647;
			files = (
				33E615AD1E97F1B0003C0374 /* DataLoader.swift in Sources */,
				335DEBBD1E5C6C1A00866B8C /* VimeoAlbumData.swift in Sources */,
				338E37061E9D1B3700BAABB4 /* VimeoLoader.swift in Sources */,
				334F2A1B1E97983B004A428B /* ScriptViewController.swift in Sources */,
				33DA2FFA1E4CCF0B0086C816 /* FileViewController.swift in Sources */,
				330F26D31F4F0761004FCDF5 /* VimeoSubData.swift in Sources */,
				335DEBB91E571B7300866B8C /* PHPController.swift in Sources */,
				33DA2FEB1E4CC7B10086C816 /* ViewController.swift in Sources */,
				33DA2FE91E4CC7B10086C816 /* AppDelegate.swift in Sources */,
				33E6158B1E97E762003C0374 /* WebView.swift in Sources */,
				335DEBBB1E572E7400866B8C /* VimeoData.swift in Sources */,
				33A8C6501F5D769B006230E1 /* VTTData.swift in Sources */,
				335DEBB11E536D7100866B8C /* FolderViewCTRL.swift in Sources */,
			);
			runOnlyForDeploymentPostprocessing = 0;
		};
/* End PBXSourcesBuildPhase section */

/* Begin PBXTargetDependency section */
		33E615891E97E4EA003C0374 /* PBXTargetDependency */ = {
			isa = PBXTargetDependency;
			name = OAuth2macOS;
			targetProxy = 33E615881E97E4EA003C0374 /* PBXContainerItemProxy */;
		};
		33E615A61E97EAC8003C0374 /* PBXTargetDependency */ = {
			isa = PBXTargetDependency;
			name = "Alamofire macOS";
			targetProxy = 33E615A51E97EAC8003C0374 /* PBXContainerItemProxy */;
		};
		33E615AA1E97ED65003C0374 /* PBXTargetDependency */ = {
			isa = PBXTargetDependency;
			name = OAuth2macOS;
			targetProxy = 33E615A91E97ED65003C0374 /* PBXContainerItemProxy */;
		};
/* End PBXTargetDependency section */

/* Begin PBXVariantGroup section */
		33DA2FEE1E4CC7B10086C816 /* Main.storyboard */ = {
			isa = PBXVariantGroup;
			children = (
				33DA2FEF1E4CC7B10086C816 /* Base */,
			);
			name = Main.storyboard;
			sourceTree = "<group>";
		};
/* End PBXVariantGroup section */

/* Begin XCBuildConfiguration section */
		33DA2FF21E4CC7B10086C816 /* Debug */ = {
			isa = XCBuildConfiguration;
			buildSettings = {
				ALWAYS_SEARCH_USER_PATHS = NO;
				CLANG_ANALYZER_NONNULL = YES;
				CLANG_CXX_LANGUAGE_STANDARD = "gnu++0x";
				CLANG_CXX_LIBRARY = "libc++";
				CLANG_ENABLE_MODULES = YES;
				CLANG_ENABLE_OBJC_ARC = YES;
				CLANG_WARN_BOOL_CONVERSION = YES;
				CLANG_WARN_CONSTANT_CONVERSION = YES;
				CLANG_WARN_DIRECT_OBJC_ISA_USAGE = YES_ERROR;
				CLANG_WARN_DOCUMENTATION_COMMENTS = YES;
				CLANG_WARN_EMPTY_BODY = YES;
				CLANG_WARN_ENUM_CONVERSION = YES;
				CLANG_WARN_INFINITE_RECURSION = YES;
				CLANG_WARN_INT_CONVERSION = YES;
				CLANG_WARN_OBJC_ROOT_CLASS = YES_ERROR;
				CLANG_WARN_SUSPICIOUS_MOVE = YES;
				CLANG_WARN_UNREACHABLE_CODE = YES;
				CLANG_WARN__DUPLICATE_METHOD_MATCH = YES;
				CODE_SIGN_IDENTITY = "-";
				COPY_PHASE_STRIP = NO;
				DEBUG_INFORMATION_FORMAT = dwarf;
				ENABLE_STRICT_OBJC_MSGSEND = YES;
				ENABLE_TESTABILITY = YES;
				GCC_C_LANGUAGE_STANDARD = gnu99;
				GCC_DYNAMIC_NO_PIC = NO;
				GCC_NO_COMMON_BLOCKS = YES;
				GCC_OPTIMIZATION_LEVEL = 0;
				GCC_PREPROCESSOR_DEFINITIONS = (
					"DEBUG=1",
					"$(inherited)",
				);
				GCC_WARN_64_TO_32_BIT_CONVERSION = YES;
				GCC_WARN_ABOUT_RETURN_TYPE = YES_ERROR;
				GCC_WARN_UNDECLARED_SELECTOR = YES;
				GCC_WARN_UNINITIALIZED_AUTOS = YES_AGGRESSIVE;
				GCC_WARN_UNUSED_FUNCTION = YES;
				GCC_WARN_UNUSED_VARIABLE = YES;
				MACOSX_DEPLOYMENT_TARGET = 10.11;
				MTL_ENABLE_DEBUG_INFO = YES;
				ONLY_ACTIVE_ARCH = YES;
				SDKROOT = macosx;
				SWIFT_ACTIVE_COMPILATION_CONDITIONS = DEBUG;
				SWIFT_OPTIMIZATION_LEVEL = "-Onone";
			};
			name = Debug;
		};
		33DA2FF31E4CC7B10086C816 /* Release */ = {
			isa = XCBuildConfiguration;
			buildSettings = {
				ALWAYS_SEARCH_USER_PATHS = NO;
				CLANG_ANALYZER_NONNULL = YES;
				CLANG_CXX_LANGUAGE_STANDARD = "gnu++0x";
				CLANG_CXX_LIBRARY = "libc++";
				CLANG_ENABLE_MODULES = YES;
				CLANG_ENABLE_OBJC_ARC = YES;
				CLANG_WARN_BOOL_CONVERSION = YES;
				CLANG_WARN_CONSTANT_CONVERSION = YES;
				CLANG_WARN_DIRECT_OBJC_ISA_USAGE = YES_ERROR;
				CLANG_WARN_DOCUMENTATION_COMMENTS = YES;
				CLANG_WARN_EMPTY_BODY = YES;
				CLANG_WARN_ENUM_CONVERSION = YES;
				CLANG_WARN_INFINITE_RECURSION = YES;
				CLANG_WARN_INT_CONVERSION = YES;
				CLANG_WARN_OBJC_ROOT_CLASS = YES_ERROR;
				CLANG_WARN_SUSPICIOUS_MOVE = YES;
				CLANG_WARN_UNREACHABLE_CODE = YES;
				CLANG_WARN__DUPLICATE_METHOD_MATCH = YES;
				CODE_SIGN_IDENTITY = "-";
				COPY_PHASE_STRIP = NO;
				DEBUG_INFORMATION_FORMAT = "dwarf-with-dsym";
				ENABLE_NS_ASSERTIONS = NO;
				ENABLE_STRICT_OBJC_MSGSEND = YES;
				GCC_C_LANGUAGE_STANDARD = gnu99;
				GCC_NO_COMMON_BLOCKS = YES;
				GCC_WARN_64_TO_32_BIT_CONVERSION = YES;
				GCC_WARN_ABOUT_RETURN_TYPE = YES_ERROR;
				GCC_WARN_UNDECLARED_SELECTOR = YES;
				GCC_WARN_UNINITIALIZED_AUTOS = YES_AGGRESSIVE;
				GCC_WARN_UNUSED_FUNCTION = YES;
				GCC_WARN_UNUSED_VARIABLE = YES;
				MACOSX_DEPLOYMENT_TARGET = 10.11;
				MTL_ENABLE_DEBUG_INFO = NO;
				SDKROOT = macosx;
				SWIFT_OPTIMIZATION_LEVEL = "-Owholemodule";
			};
			name = Release;
		};
		33DA2FF51E4CC7B10086C816 /* Debug */ = {
			isa = XCBuildConfiguration;
			baseConfigurationReference = 4159FC4DEF9A0CCBE30DCD6E /* Pods-ME_PartnerAdapt.debug.xcconfig */;
			buildSettings = {
				ALWAYS_EMBED_SWIFT_STANDARD_LIBRARIES = YES;
				ASSETCATALOG_COMPILER_APPICON_NAME = AppIcon;
				CODE_SIGN_IDENTITY = "Mac Developer";
				COMBINE_HIDPI_IMAGES = YES;
				DEVELOPMENT_TEAM = R5L8TUBKC2;
				INFOPLIST_FILE = ME_PartnerAdapt/Info.plist;
				LD_RUNPATH_SEARCH_PATHS = "$(inherited) @executable_path/../Frameworks";
				PRODUCT_BUNDLE_IDENTIFIER = "com.MindfulEducation.ME-PartnerAdapt";
				PRODUCT_NAME = "$(TARGET_NAME)";
				PROVISIONING_PROFILE_SPECIFIER = "";
				SWIFT_VERSION = 3.0;
			};
			name = Debug;
		};
		33DA2FF61E4CC7B10086C816 /* Release */ = {
			isa = XCBuildConfiguration;
			baseConfigurationReference = 1F666FE66516EE4327BC83D0 /* Pods-ME_PartnerAdapt.release.xcconfig */;
			buildSettings = {
				ALWAYS_EMBED_SWIFT_STANDARD_LIBRARIES = YES;
				ASSETCATALOG_COMPILER_APPICON_NAME = AppIcon;
				CODE_SIGN_IDENTITY = "Mac Developer";
				COMBINE_HIDPI_IMAGES = YES;
				DEVELOPMENT_TEAM = R5L8TUBKC2;
				INFOPLIST_FILE = ME_PartnerAdapt/Info.plist;
				LD_RUNPATH_SEARCH_PATHS = "$(inherited) @executable_path/../Frameworks";
				PRODUCT_BUNDLE_IDENTIFIER = "com.MindfulEducation.ME-PartnerAdapt";
				PRODUCT_NAME = "$(TARGET_NAME)";
				PROVISIONING_PROFILE_SPECIFIER = "";
				SWIFT_VERSION = 3.0;
			};
			name = Release;
		};
/* End XCBuildConfiguration section */

/* Begin XCConfigurationList section */
		33DA2FE01E4CC7B10086C816 /* Build configuration list for PBXProject "ME_PartnerAdapt" */ = {
			isa = XCConfigurationList;
			buildConfigurations = (
				33DA2FF21E4CC7B10086C816 /* Debug */,
				33DA2FF31E4CC7B10086C816 /* Release */,
			);
			defaultConfigurationIsVisible = 0;
			defaultConfigurationName = Release;
		};
		33DA2FF41E4CC7B10086C816 /* Build configuration list for PBXNativeTarget "ME_PartnerAdapt" */ = {
			isa = XCConfigurationList;
			buildConfigurations = (
				33DA2FF51E4CC7B10086C816 /* Debug */,
				33DA2FF61E4CC7B10086C816 /* Release */,
			);
			defaultConfigurationIsVisible = 0;
			defaultConfigurationName = Release;
		};
/* End XCConfigurationList section */
	};
	rootObject = 33DA2FDD1E4CC7B10086C816 /* Project object */;
}
