// !$*UTF8*$!
{
	archiveVersion = 1;
	classes = {
	};
	objectVersion = 46;
	objects = {

/* Begin PBXBuildFile section */
		339DEF3E1EA913E300466114 /* Commit+CoreDataClass.swift in Sources */ = {isa = PBXBuildFile; fileRef = 339DEF3C1EA913E300466114 /* Commit+CoreDataClass.swift */; };
		339DEF3F1EA913E300466114 /* Commit+CoreDataProperties.swift in Sources */ = {isa = PBXBuildFile; fileRef = 339DEF3D1EA913E300466114 /* Commit+CoreDataProperties.swift */; };
		33F018FD1EA624A600DBE8BE /* AppDelegate.swift in Sources */ = {isa = PBXBuildFile; fileRef = 33F018FC1EA624A600DBE8BE /* AppDelegate.swift */; };
		33F018FF1EA624A600DBE8BE /* ViewController.swift in Sources */ = {isa = PBXBuildFile; fileRef = 33F018FE1EA624A600DBE8BE /* ViewController.swift */; };
		33F019021EA624A600DBE8BE /* CoreDataTest.xcdatamodeld in Sources */ = {isa = PBXBuildFile; fileRef = 33F019001EA624A600DBE8BE /* CoreDataTest.xcdatamodeld */; };
		33F019041EA624A600DBE8BE /* Assets.xcassets in Resources */ = {isa = PBXBuildFile; fileRef = 33F019031EA624A600DBE8BE /* Assets.xcassets */; };
		33F019071EA624A600DBE8BE /* Main.storyboard in Resources */ = {isa = PBXBuildFile; fileRef = 33F019051EA624A600DBE8BE /* Main.storyboard */; };
/* End PBXBuildFile section */

/* Begin PBXFileReference section */
		339DEF3C1EA913E300466114 /* Commit+CoreDataClass.swift */ = {isa = PBXFileReference; fileEncoding = 4; lastKnownFileType = sourcecode.swift; path = "Commit+CoreDataClass.swift"; sourceTree = "<group>"; };
		339DEF3D1EA913E300466114 /* Commit+CoreDataProperties.swift */ = {isa = PBXFileReference; fileEncoding = 4; lastKnownFileType = sourcecode.swift; path = "Commit+CoreDataProperties.swift"; sourceTree = "<group>"; };
		33F018F91EA624A600DBE8BE /* CoreDataTest.app */ = {isa = PBXFileReference; explicitFileType = wrapper.application; includeInIndex = 0; path = CoreDataTest.app; sourceTree = BUILT_PRODUCTS_DIR; };
		33F018FC1EA624A600DBE8BE /* AppDelegate.swift */ = {isa = PBXFileReference; lastKnownFileType = sourcecode.swift; path = AppDelegate.swift; sourceTree = "<group>"; };
		33F018FE1EA624A600DBE8BE /* ViewController.swift */ = {isa = PBXFileReference; lastKnownFileType = sourcecode.swift; path = ViewController.swift; sourceTree = "<group>"; };
		33F019011EA624A600DBE8BE /* CoreDataTest.xcdatamodel */ = {isa = PBXFileReference; lastKnownFileType = wrapper.xcdatamodel; path = CoreDataTest.xcdatamodel; sourceTree = "<group>"; };
		33F019031EA624A600DBE8BE /* Assets.xcassets */ = {isa = PBXFileReference; lastKnownFileType = folder.assetcatalog; path = Assets.xcassets; sourceTree = "<group>"; };
		33F019061EA624A600DBE8BE /* Base */ = {isa = PBXFileReference; lastKnownFileType = file.storyboard; name = Base; path = Base.lproj/Main.storyboard; sourceTree = "<group>"; };
		33F019081EA624A600DBE8BE /* Info.plist */ = {isa = PBXFileReference; lastKnownFileType = text.plist.xml; path = Info.plist; sourceTree = "<group>"; };
/* End PBXFileReference section */

/* Begin PBXFrameworksBuildPhase section */
		33F018F61EA624A600DBE8BE /* Frameworks */ = {
			isa = PBXFrameworksBuildPhase;
			buildActionMask = 2147483647;
			files = (
			);
			runOnlyForDeploymentPostprocessing = 0;
		};
/* End PBXFrameworksBuildPhase section */

/* Begin PBXGroup section */
		33F018F01EA624A600DBE8BE = {
			isa = PBXGroup;
			children = (
				33F018FB1EA624A600DBE8BE /* CoreDataTest */,
				33F018FA1EA624A600DBE8BE /* Products */,
			);
			sourceTree = "<group>";
		};
		33F018FA1EA624A600DBE8BE /* Products */ = {
			isa = PBXGroup;
			children = (
				33F018F91EA624A600DBE8BE /* CoreDataTest.app */,
			);
			name = Products;
			sourceTree = "<group>";
		};
		33F018FB1EA624A600DBE8BE /* CoreDataTest */ = {
			isa = PBXGroup;
			children = (
				339DEF3C1EA913E300466114 /* Commit+CoreDataClass.swift */,
				339DEF3D1EA913E300466114 /* Commit+CoreDataProperties.swift */,
				33F018FC1EA624A600DBE8BE /* AppDelegate.swift */,
				33F018FE1EA624A600DBE8BE /* ViewController.swift */,
				33F019031EA624A600DBE8BE /* Assets.xcassets */,
				33F019051EA624A600DBE8BE /* Main.storyboard */,
				33F019081EA624A600DBE8BE /* Info.plist */,
				33F019001EA624A600DBE8BE /* CoreDataTest.xcdatamodeld */,
			);
			path = CoreDataTest;
			sourceTree = "<group>";
		};
/* End PBXGroup section */

/* Begin PBXNativeTarget section */
		33F018F81EA624A600DBE8BE /* CoreDataTest */ = {
			isa = PBXNativeTarget;
			buildConfigurationList = 33F0190B1EA624A600DBE8BE /* Build configuration list for PBXNativeTarget "CoreDataTest" */;
			buildPhases = (
				33F018F51EA624A600DBE8BE /* Sources */,
				33F018F61EA624A600DBE8BE /* Frameworks */,
				33F018F71EA624A600DBE8BE /* Resources */,
			);
			buildRules = (
			);
			dependencies = (
			);
			name = CoreDataTest;
			productName = CoreDataTest;
			productReference = 33F018F91EA624A600DBE8BE /* CoreDataTest.app */;
			productType = "com.apple.product-type.application";
		};
/* End PBXNativeTarget section */

/* Begin PBXProject section */
		33F018F11EA624A600DBE8BE /* Project object */ = {
			isa = PBXProject;
			attributes = {
				LastSwiftUpdateCheck = 0820;
				LastUpgradeCheck = 0820;
				ORGANIZATIONNAME = "Rob Slegtenhorst";
				TargetAttributes = {
					33F018F81EA624A600DBE8BE = {
						CreatedOnToolsVersion = 8.2.1;
						DevelopmentTeam = R5L8TUBKC2;
						ProvisioningStyle = Automatic;
					};
				};
			};
			buildConfigurationList = 33F018F41EA624A600DBE8BE /* Build configuration list for PBXProject "CoreDataTest" */;
			compatibilityVersion = "Xcode 3.2";
			developmentRegion = English;
			hasScannedForEncodings = 0;
			knownRegions = (
				en,
				Base,
			);
			mainGroup = 33F018F01EA624A600DBE8BE;
			productRefGroup = 33F018FA1EA624A600DBE8BE /* Products */;
			projectDirPath = "";
			projectRoot = "";
			targets = (
				33F018F81EA624A600DBE8BE /* CoreDataTest */,
			);
		};
/* End PBXProject section */

/* Begin PBXResourcesBuildPhase section */
		33F018F71EA624A600DBE8BE /* Resources */ = {
			isa = PBXResourcesBuildPhase;
			buildActionMask = 2147483647;
			files = (
				33F019041EA624A600DBE8BE /* Assets.xcassets in Resources */,
				33F019071EA624A600DBE8BE /* Main.storyboard in Resources */,
			);
			runOnlyForDeploymentPostprocessing = 0;
		};
/* End PBXResourcesBuildPhase section */

/* Begin PBXSourcesBuildPhase section */
		33F018F51EA624A600DBE8BE /* Sources */ = {
			isa = PBXSourcesBuildPhase;
			buildActionMask = 2147483647;
			files = (
				339DEF3F1EA913E300466114 /* Commit+CoreDataProperties.swift in Sources */,
				33F018FF1EA624A600DBE8BE /* ViewController.swift in Sources */,
				33F019021EA624A600DBE8BE /* CoreDataTest.xcdatamodeld in Sources */,
				339DEF3E1EA913E300466114 /* Commit+CoreDataClass.swift in Sources */,
				33F018FD1EA624A600DBE8BE /* AppDelegate.swift in Sources */,
			);
			runOnlyForDeploymentPostprocessing = 0;
		};
/* End PBXSourcesBuildPhase section */

/* Begin PBXVariantGroup section */
		33F019051EA624A600DBE8BE /* Main.storyboard */ = {
			isa = PBXVariantGroup;
			children = (
				33F019061EA624A600DBE8BE /* Base */,
			);
			name = Main.storyboard;
			sourceTree = "<group>";
		};
/* End PBXVariantGroup section */

/* Begin XCBuildConfiguration section */
		33F019091EA624A600DBE8BE /* Debug */ = {
			isa = XCBuildConfiguration;
			buildSettings = {
				ALWAYS_SEARCH_USER_PATHS = NO;
				CLANG_ANALYZER_NONNULL = YES;
				CLANG_CXX_LANGUAGE_STANDARD = "gnu++0x";
				CLANG_CXX_LIBRARY = "libc++";
				CLANG_ENABLE_MODULES = YES;
				CLANG_ENABLE_OBJC_ARC = YES;
				CLANG_WARN_BOOL_CONVERSION = YES;
				CLANG_WARN_CONSTANT_CONVERSION = YES;
				CLANG_WARN_DIRECT_OBJC_ISA_USAGE = YES_ERROR;
				CLANG_WARN_DOCUMENTATION_COMMENTS = YES;
				CLANG_WARN_EMPTY_BODY = YES;
				CLANG_WARN_ENUM_CONVERSION = YES;
				CLANG_WARN_INFINITE_RECURSION = YES;
				CLANG_WARN_INT_CONVERSION = YES;
				CLANG_WARN_OBJC_ROOT_CLASS = YES_ERROR;
				CLANG_WARN_SUSPICIOUS_MOVE = YES;
				CLANG_WARN_UNREACHABLE_CODE = YES;
				CLANG_WARN__DUPLICATE_METHOD_MATCH = YES;
				CODE_SIGN_IDENTITY = "-";
				COPY_PHASE_STRIP = NO;
				DEBUG_INFORMATION_FORMAT = dwarf;
				ENABLE_STRICT_OBJC_MSGSEND = YES;
				ENABLE_TESTABILITY = YES;
				GCC_C_LANGUAGE_STANDARD = gnu99;
				GCC_DYNAMIC_NO_PIC = NO;
				GCC_NO_COMMON_BLOCKS = YES;
				GCC_OPTIMIZATION_LEVEL = 0;
				GCC_PREPROCESSOR_DEFINITIONS = (
					"DEBUG=1",
					"$(inherited)",
				);
				GCC_WARN_64_TO_32_BIT_CONVERSION = YES;
				GCC_WARN_ABOUT_RETURN_TYPE = YES_ERROR;
				GCC_WARN_UNDECLARED_SELECTOR = YES;
				GCC_WARN_UNINITIALIZED_AUTOS = YES_AGGRESSIVE;
				GCC_WARN_UNUSED_FUNCTION = YES;
				GCC_WARN_UNUSED_VARIABLE = YES;
				MACOSX_DEPLOYMENT_TARGET = 10.11;
				MTL_ENABLE_DEBUG_INFO = YES;
				ONLY_ACTIVE_ARCH = YES;
				SDKROOT = macosx;
				SWIFT_ACTIVE_COMPILATION_CONDITIONS = DEBUG;
				SWIFT_OPTIMIZATION_LEVEL = "-Onone";
			};
			name = Debug;
		};
		33F0190A1EA624A600DBE8BE /* Release */ = {
			isa = XCBuildConfiguration;
			buildSettings = {
				ALWAYS_SEARCH_USER_PATHS = NO;
				CLANG_ANALYZER_NONNULL = YES;
				CLANG_CXX_LANGUAGE_STANDARD = "gnu++0x";
				CLANG_CXX_LIBRARY = "libc++";
				CLANG_ENABLE_MODULES = YES;
				CLANG_ENABLE_OBJC_ARC = YES;
				CLANG_WARN_BOOL_CONVERSION = YES;
				CLANG_WARN_CONSTANT_CONVERSION = YES;
				CLANG_WARN_DIRECT_OBJC_ISA_USAGE = YES_ERROR;
				CLANG_WARN_DOCUMENTATION_COMMENTS = YES;
				CLANG_WARN_EMPTY_BODY = YES;
				CLANG_WARN_ENUM_CONVERSION = YES;
				CLANG_WARN_INFINITE_RECURSION = YES;
				CLANG_WARN_INT_CONVERSION = YES;
				CLANG_WARN_OBJC_ROOT_CLASS = YES_ERROR;
				CLANG_WARN_SUSPICIOUS_MOVE = YES;
				CLANG_WARN_UNREACHABLE_CODE = YES;
				CLANG_WARN__DUPLICATE_METHOD_MATCH = YES;
				CODE_SIGN_IDENTITY = "-";
				COPY_PHASE_STRIP = NO;
				DEBUG_INFORMATION_FORMAT = "dwarf-with-dsym";
				ENABLE_NS_ASSERTIONS = NO;
				ENABLE_STRICT_OBJC_MSGSEND = YES;
				GCC_C_LANGUAGE_STANDARD = gnu99;
				GCC_NO_COMMON_BLOCKS = YES;
				GCC_WARN_64_TO_32_BIT_CONVERSION = YES;
				GCC_WARN_ABOUT_RETURN_TYPE = YES_ERROR;
				GCC_WARN_UNDECLARED_SELECTOR = YES;
				GCC_WARN_UNINITIALIZED_AUTOS = YES_AGGRESSIVE;
				GCC_WARN_UNUSED_FUNCTION = YES;
				GCC_WARN_UNUSED_VARIABLE = YES;
				MACOSX_DEPLOYMENT_TARGET = 10.11;
				MTL_ENABLE_DEBUG_INFO = NO;
				SDKROOT = macosx;
				SWIFT_OPTIMIZATION_LEVEL = "-Owholemodule";
			};
			name = Release;
		};
		33F0190C1EA624A600DBE8BE /* Debug */ = {
			isa = XCBuildConfiguration;
			buildSettings = {
				ASSETCATALOG_COMPILER_APPICON_NAME = AppIcon;
				CODE_SIGN_IDENTITY = "Mac Developer";
				COMBINE_HIDPI_IMAGES = YES;
				DEVELOPMENT_TEAM = "";
				INFOPLIST_FILE = CoreDataTest/Info.plist;
				LD_RUNPATH_SEARCH_PATHS = "$(inherited) @executable_path/../Frameworks";
				MACOSX_DEPLOYMENT_TARGET = 10.12;
				PRODUCT_BUNDLE_IDENTIFIER = com.MindfulEducation.CoreDataTest;
				PRODUCT_NAME = "$(TARGET_NAME)";
				PROVISIONING_PROFILE_SPECIFIER = "";
				SWIFT_VERSION = 3.0;
			};
			name = Debug;
		};
		33F0190D1EA624A600DBE8BE /* Release */ = {
			isa = XCBuildConfiguration;
			buildSettings = {
				ASSETCATALOG_COMPILER_APPICON_NAME = AppIcon;
				CODE_SIGN_IDENTITY = "Mac Developer";
				COMBINE_HIDPI_IMAGES = YES;
				DEVELOPMENT_TEAM = "";
				INFOPLIST_FILE = CoreDataTest/Info.plist;
				LD_RUNPATH_SEARCH_PATHS = "$(inherited) @executable_path/../Frameworks";
				MACOSX_DEPLOYMENT_TARGET = 10.12;
				PRODUCT_BUNDLE_IDENTIFIER = com.MindfulEducation.CoreDataTest;
				PRODUCT_NAME = "$(TARGET_NAME)";
				PROVISIONING_PROFILE_SPECIFIER = "";
				SWIFT_VERSION = 3.0;
			};
			name = Release;
		};
/* End XCBuildConfiguration section */

/* Begin XCConfigurationList section */
		33F018F41EA624A600DBE8BE /* Build configuration list for PBXProject "CoreDataTest" */ = {
			isa = XCConfigurationList;
			buildConfigurations = (
				33F019091EA624A600DBE8BE /* Debug */,
				33F0190A1EA624A600DBE8BE /* Release */,
			);
			defaultConfigurationIsVisible = 0;
			defaultConfigurationName = Release;
		};
		33F0190B1EA624A600DBE8BE /* Build configuration list for PBXNativeTarget "CoreDataTest" */ = {
			isa = XCConfigurationList;
			buildConfigurations = (
				33F0190C1EA624A600DBE8BE /* Debug */,
				33F0190D1EA624A600DBE8BE /* Release */,
			);
			defaultConfigurationIsVisible = 0;
			defaultConfigurationName = Release;
		};
/* End XCConfigurationList section */

/* Begin XCVersionGroup section */
		33F019001EA624A600DBE8BE /* CoreDataTest.xcdatamodeld */ = {
			isa = XCVersionGroup;
			children = (
				33F019011EA624A600DBE8BE /* CoreDataTest.xcdatamodel */,
			);
			currentVersion = 33F019011EA624A600DBE8BE /* CoreDataTest.xcdatamodel */;
			path = CoreDataTest.xcdatamodeld;
			sourceTree = "<group>";
			versionGroupType = wrapper.xcdatamodel;
		};
/* End XCVersionGroup section */
	};
	rootObject = 33F018F11EA624A600DBE8BE /* Project object */;
}
