// !$*UTF8*$!
{
	archiveVersion = 1;
	classes = {
	};
	objectVersion = 46;
	objects = {

/* Begin PBXBuildFile section */
		335798971E5358EE00689BB0 /* AppDelegate.swift in Sources */ = {isa = PBXBuildFile; fileRef = 335798961E5358EE00689BB0 /* AppDelegate.swift */; };
		335798991E5358EE00689BB0 /* ViewController.swift in Sources */ = {isa = PBXBuildFile; fileRef = 335798981E5358EE00689BB0 /* ViewController.swift */; };
		3357989B1E5358EE00689BB0 /* Assets.xcassets in Resources */ = {isa = PBXBuildFile; fileRef = 3357989A1E5358EE00689BB0 /* Assets.xcassets */; };
		3357989E1E5358EE00689BB0 /* Main.storyboard in Resources */ = {isa = PBXBuildFile; fileRef = 3357989C1E5358EE00689BB0 /* Main.storyboard */; };
		77E02A6BA62AF8C376CCF343 /* Pods_vimeoTest.framework in Frameworks */ = {isa = PBXBuildFile; fileRef = C6FFEE1A68E7A60426E8CB9F /* Pods_vimeoTest.framework */; };
/* End PBXBuildFile section */

/* Begin PBXFileReference section */
		175A44C55BA8C2099CB3399C /* Pods-vimeoTest.release.xcconfig */ = {isa = PBXFileReference; includeInIndex = 1; lastKnownFileType = text.xcconfig; name = "Pods-vimeoTest.release.xcconfig"; path = "Pods/Target Support Files/Pods-vimeoTest/Pods-vimeoTest.release.xcconfig"; sourceTree = "<group>"; };
		335798931E5358EE00689BB0 /* vimeoTest.app */ = {isa = PBXFileReference; explicitFileType = wrapper.application; includeInIndex = 0; path = vimeoTest.app; sourceTree = BUILT_PRODUCTS_DIR; };
		335798961E5358EE00689BB0 /* AppDelegate.swift */ = {isa = PBXFileReference; lastKnownFileType = sourcecode.swift; path = AppDelegate.swift; sourceTree = "<group>"; };
		335798981E5358EE00689BB0 /* ViewController.swift */ = {isa = PBXFileReference; lastKnownFileType = sourcecode.swift; path = ViewController.swift; sourceTree = "<group>"; };
		3357989A1E5358EE00689BB0 /* Assets.xcassets */ = {isa = PBXFileReference; lastKnownFileType = folder.assetcatalog; path = Assets.xcassets; sourceTree = "<group>"; };
		3357989D1E5358EE00689BB0 /* Base */ = {isa = PBXFileReference; lastKnownFileType = file.storyboard; name = Base; path = Base.lproj/Main.storyboard; sourceTree = "<group>"; };
		3357989F1E5358EE00689BB0 /* Info.plist */ = {isa = PBXFileReference; lastKnownFileType = text.plist.xml; path = Info.plist; sourceTree = "<group>"; };
		C6FFEE1A68E7A60426E8CB9F /* Pods_vimeoTest.framework */ = {isa = PBXFileReference; explicitFileType = wrapper.framework; includeInIndex = 0; path = Pods_vimeoTest.framework; sourceTree = BUILT_PRODUCTS_DIR; };
		DFA99A0EEA4103FAA61C9934 /* Pods-vimeoTest.debug.xcconfig */ = {isa = PBXFileReference; includeInIndex = 1; lastKnownFileType = text.xcconfig; name = "Pods-vimeoTest.debug.xcconfig"; path = "Pods/Target Support Files/Pods-vimeoTest/Pods-vimeoTest.debug.xcconfig"; sourceTree = "<group>"; };
/* End PBXFileReference section */

/* Begin PBXFrameworksBuildPhase section */
		335798901E5358ED00689BB0 /* Frameworks */ = {
			isa = PBXFrameworksBuildPhase;
			buildActionMask = 2147483647;
			files = (
				77E02A6BA62AF8C376CCF343 /* Pods_vimeoTest.framework in Frameworks */,
			);
			runOnlyForDeploymentPostprocessing = 0;
		};
/* End PBXFrameworksBuildPhase section */

/* Begin PBXGroup section */
		3357988A1E5358ED00689BB0 = {
			isa = PBXGroup;
			children = (
				335798951E5358EE00689BB0 /* vimeoTest */,
				335798941E5358EE00689BB0 /* Products */,
				5D1FCCC362BA049101AC9865 /* Pods */,
				4370842B4B59447417564BA9 /* Frameworks */,
			);
			sourceTree = "<group>";
		};
		335798941E5358EE00689BB0 /* Products */ = {
			isa = PBXGroup;
			children = (
				335798931E5358EE00689BB0 /* vimeoTest.app */,
			);
			name = Products;
			sourceTree = "<group>";
		};
		335798951E5358EE00689BB0 /* vimeoTest */ = {
			isa = PBXGroup;
			children = (
				335798961E5358EE00689BB0 /* AppDelegate.swift */,
				335798981E5358EE00689BB0 /* ViewController.swift */,
				3357989A1E5358EE00689BB0 /* Assets.xcassets */,
				3357989C1E5358EE00689BB0 /* Main.storyboard */,
				3357989F1E5358EE00689BB0 /* Info.plist */,
			);
			path = vimeoTest;
			sourceTree = "<group>";
		};
		4370842B4B59447417564BA9 /* Frameworks */ = {
			isa = PBXGroup;
			children = (
				C6FFEE1A68E7A60426E8CB9F /* Pods_vimeoTest.framework */,
			);
			name = Frameworks;
			sourceTree = "<group>";
		};
		5D1FCCC362BA049101AC9865 /* Pods */ = {
			isa = PBXGroup;
			children = (
				DFA99A0EEA4103FAA61C9934 /* Pods-vimeoTest.debug.xcconfig */,
				175A44C55BA8C2099CB3399C /* Pods-vimeoTest.release.xcconfig */,
			);
			name = Pods;
			sourceTree = "<group>";
		};
/* End PBXGroup section */

/* Begin PBXNativeTarget section */
		335798921E5358ED00689BB0 /* vimeoTest */ = {
			isa = PBXNativeTarget;
			buildConfigurationList = 335798A21E5358EE00689BB0 /* Build configuration list for PBXNativeTarget "vimeoTest" */;
			buildPhases = (
				6B1BAAEE38F0C4663AEA3BFD /* [CP] Check Pods Manifest.lock */,
				3357988F1E5358ED00689BB0 /* Sources */,
				335798901E5358ED00689BB0 /* Frameworks */,
				335798911E5358ED00689BB0 /* Resources */,
				03C7FDFCD0A6EF7B52DE9460 /* [CP] Embed Pods Frameworks */,
				85B819D19A173DAA5C932206 /* [CP] Copy Pods Resources */,
			);
			buildRules = (
			);
			dependencies = (
			);
			name = vimeoTest;
			productName = vimeoTest;
			productReference = 335798931E5358EE00689BB0 /* vimeoTest.app */;
			productType = "com.apple.product-type.application";
		};
/* End PBXNativeTarget section */

/* Begin PBXProject section */
		3357988B1E5358ED00689BB0 /* Project object */ = {
			isa = PBXProject;
			attributes = {
				LastSwiftUpdateCheck = 0820;
				LastUpgradeCheck = 0820;
				ORGANIZATIONNAME = "Rob Slegtenhorst";
				TargetAttributes = {
					335798921E5358ED00689BB0 = {
						CreatedOnToolsVersion = 8.2.1;
						DevelopmentTeam = R5L8TUBKC2;
						ProvisioningStyle = Automatic;
					};
				};
			};
			buildConfigurationList = 3357988E1E5358ED00689BB0 /* Build configuration list for PBXProject "vimeoTest" */;
			compatibilityVersion = "Xcode 3.2";
			developmentRegion = English;
			hasScannedForEncodings = 0;
			knownRegions = (
				en,
				Base,
			);
			mainGroup = 3357988A1E5358ED00689BB0;
			productRefGroup = 335798941E5358EE00689BB0 /* Products */;
			projectDirPath = "";
			projectRoot = "";
			targets = (
				335798921E5358ED00689BB0 /* vimeoTest */,
			);
		};
/* End PBXProject section */

/* Begin PBXResourcesBuildPhase section */
		335798911E5358ED00689BB0 /* Resources */ = {
			isa = PBXResourcesBuildPhase;
			buildActionMask = 2147483647;
			files = (
				3357989B1E5358EE00689BB0 /* Assets.xcassets in Resources */,
				3357989E1E5358EE00689BB0 /* Main.storyboard in Resources */,
			);
			runOnlyForDeploymentPostprocessing = 0;
		};
/* End PBXResourcesBuildPhase section */

/* Begin PBXShellScriptBuildPhase section */
		03C7FDFCD0A6EF7B52DE9460 /* [CP] Embed Pods Frameworks */ = {
			isa = PBXShellScriptBuildPhase;
			buildActionMask = 2147483647;
			files = (
			);
			inputPaths = (
			);
			name = "[CP] Embed Pods Frameworks";
			outputPaths = (
			);
			runOnlyForDeploymentPostprocessing = 0;
			shellPath = /bin/sh;
			shellScript = "\"${SRCROOT}/Pods/Target Support Files/Pods-vimeoTest/Pods-vimeoTest-frameworks.sh\"\n";
			showEnvVarsInLog = 0;
		};
		6B1BAAEE38F0C4663AEA3BFD /* [CP] Check Pods Manifest.lock */ = {
			isa = PBXShellScriptBuildPhase;
			buildActionMask = 2147483647;
			files = (
			);
			inputPaths = (
			);
			name = "[CP] Check Pods Manifest.lock";
			outputPaths = (
			);
			runOnlyForDeploymentPostprocessing = 0;
			shellPath = /bin/sh;
			shellScript = "diff \"${PODS_ROOT}/../Podfile.lock\" \"${PODS_ROOT}/Manifest.lock\" > /dev/null\nif [ $? != 0 ] ; then\n    # print error to STDERR\n    echo \"error: The sandbox is not in sync with the Podfile.lock. Run 'pod install' or update your CocoaPods installation.\" >&2\n    exit 1\nfi\n";
			showEnvVarsInLog = 0;
		};
		85B819D19A173DAA5C932206 /* [CP] Copy Pods Resources */ = {
			isa = PBXShellScriptBuildPhase;
			buildActionMask = 2147483647;
			files = (
			);
			inputPaths = (
			);
			name = "[CP] Copy Pods Resources";
			outputPaths = (
			);
			runOnlyForDeploymentPostprocessing = 0;
			shellPath = /bin/sh;
			shellScript = "\"${SRCROOT}/Pods/Target Support Files/Pods-vimeoTest/Pods-vimeoTest-resources.sh\"\n";
			showEnvVarsInLog = 0;
		};
/* End PBXShellScriptBuildPhase section */

/* Begin PBXSourcesBuildPhase section */
		3357988F1E5358ED00689BB0 /* Sources */ = {
			isa = PBXSourcesBuildPhase;
			buildActionMask = 2147483647;
			files = (
				335798991E5358EE00689BB0 /* ViewController.swift in Sources */,
				335798971E5358EE00689BB0 /* AppDelegate.swift in Sources */,
			);
			runOnlyForDeploymentPostprocessing = 0;
		};
/* End PBXSourcesBuildPhase section */

/* Begin PBXVariantGroup section */
		3357989C1E5358EE00689BB0 /* Main.storyboard */ = {
			isa = PBXVariantGroup;
			children = (
				3357989D1E5358EE00689BB0 /* Base */,
			);
			name = Main.storyboard;
			sourceTree = "<group>";
		};
/* End PBXVariantGroup section */

/* Begin XCBuildConfiguration section */
		335798A01E5358EE00689BB0 /* Debug */ = {
			isa = XCBuildConfiguration;
			buildSettings = {
				ALWAYS_SEARCH_USER_PATHS = NO;
				CLANG_ANALYZER_NONNULL = YES;
				CLANG_CXX_LANGUAGE_STANDARD = "gnu++0x";
				CLANG_CXX_LIBRARY = "libc++";
				CLANG_ENABLE_MODULES = YES;
				CLANG_ENABLE_OBJC_ARC = YES;
				CLANG_WARN_BOOL_CONVERSION = YES;
				CLANG_WARN_CONSTANT_CONVERSION = YES;
				CLANG_WARN_DIRECT_OBJC_ISA_USAGE = YES_ERROR;
				CLANG_WARN_DOCUMENTATION_COMMENTS = YES;
				CLANG_WARN_EMPTY_BODY = YES;
				CLANG_WARN_ENUM_CONVERSION = YES;
				CLANG_WARN_INFINITE_RECURSION = YES;
				CLANG_WARN_INT_CONVERSION = YES;
				CLANG_WARN_OBJC_ROOT_CLASS = YES_ERROR;
				CLANG_WARN_SUSPICIOUS_MOVE = YES;
				CLANG_WARN_UNREACHABLE_CODE = YES;
				CLANG_WARN__DUPLICATE_METHOD_MATCH = YES;
				CODE_SIGN_IDENTITY = "-";
				COPY_PHASE_STRIP = NO;
				DEBUG_INFORMATION_FORMAT = dwarf;
				ENABLE_STRICT_OBJC_MSGSEND = YES;
				ENABLE_TESTABILITY = YES;
				GCC_C_LANGUAGE_STANDARD = gnu99;
				GCC_DYNAMIC_NO_PIC = NO;
				GCC_NO_COMMON_BLOCKS = YES;
				GCC_OPTIMIZATION_LEVEL = 0;
				GCC_PREPROCESSOR_DEFINITIONS = (
					"DEBUG=1",
					"$(inherited)",
				);
				GCC_WARN_64_TO_32_BIT_CONVERSION = YES;
				GCC_WARN_ABOUT_RETURN_TYPE = YES_ERROR;
				GCC_WARN_UNDECLARED_SELECTOR = YES;
				GCC_WARN_UNINITIALIZED_AUTOS = YES_AGGRESSIVE;
				GCC_WARN_UNUSED_FUNCTION = YES;
				GCC_WARN_UNUSED_VARIABLE = YES;
				MACOSX_DEPLOYMENT_TARGET = 10.11;
				MTL_ENABLE_DEBUG_INFO = YES;
				ONLY_ACTIVE_ARCH = YES;
				SDKROOT = macosx;
				SWIFT_ACTIVE_COMPILATION_CONDITIONS = DEBUG;
				SWIFT_OPTIMIZATION_LEVEL = "-Onone";
			};
			name = Debug;
		};
		335798A11E5358EE00689BB0 /* Release */ = {
			isa = XCBuildConfiguration;
			buildSettings = {
				ALWAYS_SEARCH_USER_PATHS = NO;
				CLANG_ANALYZER_NONNULL = YES;
				CLANG_CXX_LANGUAGE_STANDARD = "gnu++0x";
				CLANG_CXX_LIBRARY = "libc++";
				CLANG_ENABLE_MODULES = YES;
				CLANG_ENABLE_OBJC_ARC = YES;
				CLANG_WARN_BOOL_CONVERSION = YES;
				CLANG_WARN_CONSTANT_CONVERSION = YES;
				CLANG_WARN_DIRECT_OBJC_ISA_USAGE = YES_ERROR;
				CLANG_WARN_DOCUMENTATION_COMMENTS = YES;
				CLANG_WARN_EMPTY_BODY = YES;
				CLANG_WARN_ENUM_CONVERSION = YES;
				CLANG_WARN_INFINITE_RECURSION = YES;
				CLANG_WARN_INT_CONVERSION = YES;
				CLANG_WARN_OBJC_ROOT_CLASS = YES_ERROR;
				CLANG_WARN_SUSPICIOUS_MOVE = YES;
				CLANG_WARN_UNREACHABLE_CODE = YES;
				CLANG_WARN__DUPLICATE_METHOD_MATCH = YES;
				CODE_SIGN_IDENTITY = "-";
				COPY_PHASE_STRIP = NO;
				DEBUG_INFORMATION_FORMAT = "dwarf-with-dsym";
				ENABLE_NS_ASSERTIONS = NO;
				ENABLE_STRICT_OBJC_MSGSEND = YES;
				GCC_C_LANGUAGE_STANDARD = gnu99;
				GCC_NO_COMMON_BLOCKS = YES;
				GCC_WARN_64_TO_32_BIT_CONVERSION = YES;
				GCC_WARN_ABOUT_RETURN_TYPE = YES_ERROR;
				GCC_WARN_UNDECLARED_SELECTOR = YES;
				GCC_WARN_UNINITIALIZED_AUTOS = YES_AGGRESSIVE;
				GCC_WARN_UNUSED_FUNCTION = YES;
				GCC_WARN_UNUSED_VARIABLE = YES;
				MACOSX_DEPLOYMENT_TARGET = 10.11;
				MTL_ENABLE_DEBUG_INFO = NO;
				SDKROOT = macosx;
				SWIFT_OPTIMIZATION_LEVEL = "-Owholemodule";
			};
			name = Release;
		};
		335798A31E5358EE00689BB0 /* Debug */ = {
			isa = XCBuildConfiguration;
			baseConfigurationReference = DFA99A0EEA4103FAA61C9934 /* Pods-vimeoTest.debug.xcconfig */;
			buildSettings = {
				ASSETCATALOG_COMPILER_APPICON_NAME = AppIcon;
				COMBINE_HIDPI_IMAGES = YES;
				DEVELOPMENT_TEAM = R5L8TUBKC2;
				INFOPLIST_FILE = vimeoTest/Info.plist;
				LD_RUNPATH_SEARCH_PATHS = "$(inherited) @executable_path/../Frameworks";
				PRODUCT_BUNDLE_IDENTIFIER = com.MindfulEducation.vimeoTest;
				PRODUCT_NAME = "$(TARGET_NAME)";
				SWIFT_VERSION = 3.0;
			};
			name = Debug;
		};
		335798A41E5358EE00689BB0 /* Release */ = {
			isa = XCBuildConfiguration;
			baseConfigurationReference = 175A44C55BA8C2099CB3399C /* Pods-vimeoTest.release.xcconfig */;
			buildSettings = {
				ASSETCATALOG_COMPILER_APPICON_NAME = AppIcon;
				COMBINE_HIDPI_IMAGES = YES;
				DEVELOPMENT_TEAM = R5L8TUBKC2;
				INFOPLIST_FILE = vimeoTest/Info.plist;
				LD_RUNPATH_SEARCH_PATHS = "$(inherited) @executable_path/../Frameworks";
				PRODUCT_BUNDLE_IDENTIFIER = com.MindfulEducation.vimeoTest;
				PRODUCT_NAME = "$(TARGET_NAME)";
				SWIFT_VERSION = 3.0;
			};
			name = Release;
		};
/* End XCBuildConfiguration section */

/* Begin XCConfigurationList section */
		3357988E1E5358ED00689BB0 /* Build configuration list for PBXProject "vimeoTest" */ = {
			isa = XCConfigurationList;
			buildConfigurations = (
				335798A01E5358EE00689BB0 /* Debug */,
				335798A11E5358EE00689BB0 /* Release */,
			);
			defaultConfigurationIsVisible = 0;
			defaultConfigurationName = Release;
		};
		335798A21E5358EE00689BB0 /* Build configuration list for PBXNativeTarget "vimeoTest" */ = {
			isa = XCConfigurationList;
			buildConfigurations = (
				335798A31E5358EE00689BB0 /* Debug */,
				335798A41E5358EE00689BB0 /* Release */,
			);
			defaultConfigurationIsVisible = 0;
		};
/* End XCConfigurationList section */
	};
	rootObject = 3357988B1E5358ED00689BB0 /* Project object */;
}
